// !$*UTF8*$!
{
	archiveVersion = 1;
	classes = {
	};
	objectVersion = 55;
	objects = {

/* Begin PBXBuildFile section */
		0F0D0A0F278CDF6600D5CF85 /* BGTaskScheduler.swift in Sources */ = {isa = PBXBuildFile; fileRef = 0F0D0A0E278CDF6600D5CF85 /* BGTaskScheduler.swift */; };
		0F0D0A11278CEF5300D5CF85 /* Double.swift in Sources */ = {isa = PBXBuildFile; fileRef = 0F0D0A10278CEF5300D5CF85 /* Double.swift */; };
		0F0D0A13278CEF8000D5CF85 /* Array.swift in Sources */ = {isa = PBXBuildFile; fileRef = 0F0D0A12278CEF8000D5CF85 /* Array.swift */; };
		0F0D0A15278CEFFF00D5CF85 /* UITableView.swift in Sources */ = {isa = PBXBuildFile; fileRef = 0F0D0A14278CEFFF00D5CF85 /* UITableView.swift */; };
		0F0D0A17278CF03C00D5CF85 /* UICollectionView.swift in Sources */ = {isa = PBXBuildFile; fileRef = 0F0D0A16278CF03C00D5CF85 /* UICollectionView.swift */; };
		0F3276D3278ABC00006F636A /* AppDelegate.swift in Sources */ = {isa = PBXBuildFile; fileRef = 0F3276D2278ABC00006F636A /* AppDelegate.swift */; };
		0F3276DC278ABC01006F636A /* Assets.xcassets in Resources */ = {isa = PBXBuildFile; fileRef = 0F3276DB278ABC01006F636A /* Assets.xcassets */; };
		0F327706278AC091006F636A /* Main.storyboard in Resources */ = {isa = PBXBuildFile; fileRef = 0F327703278ABD98006F636A /* Main.storyboard */; };
		0F327707278AC095006F636A /* LaunchScreen.storyboard in Resources */ = {isa = PBXBuildFile; fileRef = 0F327704278ABD9F006F636A /* LaunchScreen.storyboard */; };
		0F327708278AC0B5006F636A /* URLSessionExtension.swift in Sources */ = {isa = PBXBuildFile; fileRef = 0F3276F3278ABD49006F636A /* URLSessionExtension.swift */; };
		0F327709278AC0B8006F636A /* EndPoint.swift in Sources */ = {isa = PBXBuildFile; fileRef = 0F3276F4278ABD49006F636A /* EndPoint.swift */; };
		0F32770A278AC0BC006F636A /* String.swift in Sources */ = {isa = PBXBuildFile; fileRef = 0F3276F6278ABD49006F636A /* String.swift */; };
		0F32770B278AC0BF006F636A /* Weather.swift in Sources */ = {isa = PBXBuildFile; fileRef = 0F3276F8278ABD49006F636A /* Weather.swift */; };
		0F32770C278AC0C1006F636A /* Utils.swift in Sources */ = {isa = PBXBuildFile; fileRef = 0F3276FB278ABD4A006F636A /* Utils.swift */; };
		0F32770D278AC0C5006F636A /* DetailsTVCell.swift in Sources */ = {isa = PBXBuildFile; fileRef = 0F3276FE278ABD4A006F636A /* DetailsTVCell.swift */; };
		0F32770E278AC0C9006F636A /* DayForecastTVCell.swift in Sources */ = {isa = PBXBuildFile; fileRef = 0F3276FF278ABD4A006F636A /* DayForecastTVCell.swift */; };
		0F32770F278AC0CF006F636A /* HourForecastCVCell.swift in Sources */ = {isa = PBXBuildFile; fileRef = 0F327701278ABD4A006F636A /* HourForecastCVCell.swift */; };
		0F327710278AC0D3006F636A /* WForecastVC.swift in Sources */ = {isa = PBXBuildFile; fileRef = 0F327702278ABD4A006F636A /* WForecastVC.swift */; };
		0F327712278ADA07006F636A /* WForecastVM.swift in Sources */ = {isa = PBXBuildFile; fileRef = 0F327711278ADA07006F636A /* WForecastVM.swift */; };
		0F327714278AEBF6006F636A /* DetailsCellVM.swift in Sources */ = {isa = PBXBuildFile; fileRef = 0F327713278AEBF6006F636A /* DetailsCellVM.swift */; };
		0F32771B278AFE5B006F636A /* DayForecastCellVM.swift in Sources */ = {isa = PBXBuildFile; fileRef = 0F32771A278AFE5B006F636A /* DayForecastCellVM.swift */; };
		0F32771D278B03CE006F636A /* HourForecastCellVM.swift in Sources */ = {isa = PBXBuildFile; fileRef = 0F32771C278B03CE006F636A /* HourForecastCellVM.swift */; };
		0F32771F278B046B006F636A /* BaseForecastCellVM.swift in Sources */ = {isa = PBXBuildFile; fileRef = 0F32771E278B046B006F636A /* BaseForecastCellVM.swift */; };
		0F327721278B4DC3006F636A /* Keeper.swift in Sources */ = {isa = PBXBuildFile; fileRef = 0F327720278B4DC3006F636A /* Keeper.swift */; };
		0F452A7A278CBAC60093DA7E /* Keys.swift in Sources */ = {isa = PBXBuildFile; fileRef = 0F452A79278CBAC60093DA7E /* Keys.swift */; };
		0F452A7D278CCBF10093DA7E /* NotificationManager.swift in Sources */ = {isa = PBXBuildFile; fileRef = 0F452A7C278CCBF10093DA7E /* NotificationManager.swift */; };
		0F896E5F278B7D2A004EDD5A /* DBManager.swift in Sources */ = {isa = PBXBuildFile; fileRef = 0F896E5E278B7D2A004EDD5A /* DBManager.swift */; };
		51B0276CD0B5E3673180C230 /* Pods_DubaiClima.framework in Frameworks */ = {isa = PBXBuildFile; fileRef = DB91C157B34CB43127EC46A9 /* Pods_DubaiClima.framework */; };
/* End PBXBuildFile section */

/* Begin PBXFileReference section */
		0F0D0A0E278CDF6600D5CF85 /* BGTaskScheduler.swift */ = {isa = PBXFileReference; lastKnownFileType = sourcecode.swift; path = BGTaskScheduler.swift; sourceTree = "<group>"; };
		0F0D0A10278CEF5300D5CF85 /* Double.swift */ = {isa = PBXFileReference; lastKnownFileType = sourcecode.swift; path = Double.swift; sourceTree = "<group>"; };
		0F0D0A12278CEF8000D5CF85 /* Array.swift */ = {isa = PBXFileReference; lastKnownFileType = sourcecode.swift; path = Array.swift; sourceTree = "<group>"; };
		0F0D0A14278CEFFF00D5CF85 /* UITableView.swift */ = {isa = PBXFileReference; lastKnownFileType = sourcecode.swift; path = UITableView.swift; sourceTree = "<group>"; };
		0F0D0A16278CF03C00D5CF85 /* UICollectionView.swift */ = {isa = PBXFileReference; lastKnownFileType = sourcecode.swift; path = UICollectionView.swift; sourceTree = "<group>"; };
		0F3276CF278ABC00006F636A /* DubaiClima.app */ = {isa = PBXFileReference; explicitFileType = wrapper.application; includeInIndex = 0; path = DubaiClima.app; sourceTree = BUILT_PRODUCTS_DIR; };
		0F3276D2278ABC00006F636A /* AppDelegate.swift */ = {isa = PBXFileReference; lastKnownFileType = sourcecode.swift; path = AppDelegate.swift; sourceTree = "<group>"; };
		0F3276DB278ABC01006F636A /* Assets.xcassets */ = {isa = PBXFileReference; lastKnownFileType = folder.assetcatalog; path = Assets.xcassets; sourceTree = "<group>"; };
		0F3276E0278ABC01006F636A /* Info.plist */ = {isa = PBXFileReference; lastKnownFileType = text.plist.xml; path = Info.plist; sourceTree = "<group>"; };
		0F3276F3278ABD49006F636A /* URLSessionExtension.swift */ = {isa = PBXFileReference; lastKnownFileType = sourcecode.swift; path = URLSessionExtension.swift; sourceTree = "<group>"; };
		0F3276F4278ABD49006F636A /* EndPoint.swift */ = {isa = PBXFileReference; lastKnownFileType = sourcecode.swift; path = EndPoint.swift; sourceTree = "<group>"; };
		0F3276F6278ABD49006F636A /* String.swift */ = {isa = PBXFileReference; lastKnownFileType = sourcecode.swift; path = String.swift; sourceTree = "<group>"; };
		0F3276F8278ABD49006F636A /* Weather.swift */ = {isa = PBXFileReference; lastKnownFileType = sourcecode.swift; path = Weather.swift; sourceTree = "<group>"; };
		0F3276FB278ABD4A006F636A /* Utils.swift */ = {isa = PBXFileReference; lastKnownFileType = sourcecode.swift; path = Utils.swift; sourceTree = "<group>"; };
		0F3276FE278ABD4A006F636A /* DetailsTVCell.swift */ = {isa = PBXFileReference; lastKnownFileType = sourcecode.swift; path = DetailsTVCell.swift; sourceTree = "<group>"; };
		0F3276FF278ABD4A006F636A /* DayForecastTVCell.swift */ = {isa = PBXFileReference; lastKnownFileType = sourcecode.swift; path = DayForecastTVCell.swift; sourceTree = "<group>"; };
		0F327701278ABD4A006F636A /* HourForecastCVCell.swift */ = {isa = PBXFileReference; lastKnownFileType = sourcecode.swift; path = HourForecastCVCell.swift; sourceTree = "<group>"; };
		0F327702278ABD4A006F636A /* WForecastVC.swift */ = {isa = PBXFileReference; lastKnownFileType = sourcecode.swift; path = WForecastVC.swift; sourceTree = "<group>"; };
		0F327703278ABD98006F636A /* Main.storyboard */ = {isa = PBXFileReference; lastKnownFileType = file.storyboard; path = Main.storyboard; sourceTree = "<group>"; };
		0F327704278ABD9F006F636A /* LaunchScreen.storyboard */ = {isa = PBXFileReference; lastKnownFileType = file.storyboard; path = LaunchScreen.storyboard; sourceTree = "<group>"; };
		0F327711278ADA07006F636A /* WForecastVM.swift */ = {isa = PBXFileReference; lastKnownFileType = sourcecode.swift; path = WForecastVM.swift; sourceTree = "<group>"; };
		0F327713278AEBF6006F636A /* DetailsCellVM.swift */ = {isa = PBXFileReference; lastKnownFileType = sourcecode.swift; path = DetailsCellVM.swift; sourceTree = "<group>"; };
		0F32771A278AFE5B006F636A /* DayForecastCellVM.swift */ = {isa = PBXFileReference; lastKnownFileType = sourcecode.swift; path = DayForecastCellVM.swift; sourceTree = "<group>"; };
		0F32771C278B03CE006F636A /* HourForecastCellVM.swift */ = {isa = PBXFileReference; lastKnownFileType = sourcecode.swift; path = HourForecastCellVM.swift; sourceTree = "<group>"; };
		0F32771E278B046B006F636A /* BaseForecastCellVM.swift */ = {isa = PBXFileReference; lastKnownFileType = sourcecode.swift; path = BaseForecastCellVM.swift; sourceTree = "<group>"; };
		0F327720278B4DC3006F636A /* Keeper.swift */ = {isa = PBXFileReference; lastKnownFileType = sourcecode.swift; path = Keeper.swift; sourceTree = "<group>"; };
		0F452A79278CBAC60093DA7E /* Keys.swift */ = {isa = PBXFileReference; lastKnownFileType = sourcecode.swift; path = Keys.swift; sourceTree = "<group>"; };
		0F452A7C278CCBF10093DA7E /* NotificationManager.swift */ = {isa = PBXFileReference; lastKnownFileType = sourcecode.swift; name = NotificationManager.swift; path = DubaiClima/Managers/NotificationManager.swift; sourceTree = SOURCE_ROOT; };
		0F896E5E278B7D2A004EDD5A /* DBManager.swift */ = {isa = PBXFileReference; lastKnownFileType = sourcecode.swift; path = DBManager.swift; sourceTree = "<group>"; };
		16C648340515BD694F5D5CAC /* Pods-DubaiClima.debug.xcconfig */ = {isa = PBXFileReference; includeInIndex = 1; lastKnownFileType = text.xcconfig; name = "Pods-DubaiClima.debug.xcconfig"; path = "Target Support Files/Pods-DubaiClima/Pods-DubaiClima.debug.xcconfig"; sourceTree = "<group>"; };
		8D7CC31FF796F352E97EC46B /* Pods-DubaiClima.release.xcconfig */ = {isa = PBXFileReference; includeInIndex = 1; lastKnownFileType = text.xcconfig; name = "Pods-DubaiClima.release.xcconfig"; path = "Target Support Files/Pods-DubaiClima/Pods-DubaiClima.release.xcconfig"; sourceTree = "<group>"; };
		DB91C157B34CB43127EC46A9 /* Pods_DubaiClima.framework */ = {isa = PBXFileReference; explicitFileType = wrapper.framework; includeInIndex = 0; path = Pods_DubaiClima.framework; sourceTree = BUILT_PRODUCTS_DIR; };
/* End PBXFileReference section */

/* Begin PBXFrameworksBuildPhase section */
		0F3276CC278ABC00006F636A /* Frameworks */ = {
			isa = PBXFrameworksBuildPhase;
			buildActionMask = 2147483647;
			files = (
				51B0276CD0B5E3673180C230 /* Pods_DubaiClima.framework in Frameworks */,
			);
			runOnlyForDeploymentPostprocessing = 0;
		};
/* End PBXFrameworksBuildPhase section */

/* Begin PBXGroup section */
		0F3276C6278ABC00006F636A = {
			isa = PBXGroup;
			children = (
				0F3276D1278ABC00006F636A /* DubaiClima */,
				0F3276D0278ABC00006F636A /* Products */,
				6194A703487F1FA5578455EF /* Pods */,
				100A1D282258ECB7174D4917 /* Frameworks */,
			);
			sourceTree = "<group>";
		};
		0F3276D0278ABC00006F636A /* Products */ = {
			isa = PBXGroup;
			children = (
				0F3276CF278ABC00006F636A /* DubaiClima.app */,
			);
			name = Products;
			sourceTree = "<group>";
		};
		0F3276D1278ABC00006F636A /* DubaiClima */ = {
			isa = PBXGroup;
			children = (
				0F327705278ABDEF006F636A /* AppDelegate */,
				0F896E5D278B7CE9004EDD5A /* Managers */,
				0F3276FA278ABD4A006F636A /* Utils */,
				0F3276F5278ABD49006F636A /* Extensions */,
				0F3276F2278ABD49006F636A /* APIManager */,
				0F3276F7278ABD49006F636A /* Model */,
				0F3276FC278ABD4A006F636A /* View */,
				0F3276F9278ABD4A006F636A /* ViewModel */,
				0F3276DB278ABC01006F636A /* Assets.xcassets */,
				0F327703278ABD98006F636A /* Main.storyboard */,
				0F327704278ABD9F006F636A /* LaunchScreen.storyboard */,
				0F3276E0278ABC01006F636A /* Info.plist */,
			);
			path = DubaiClima;
			sourceTree = "<group>";
		};
		0F3276F2278ABD49006F636A /* APIManager */ = {
			isa = PBXGroup;
			children = (
				0F3276F3278ABD49006F636A /* URLSessionExtension.swift */,
				0F3276F4278ABD49006F636A /* EndPoint.swift */,
			);
			path = APIManager;
			sourceTree = "<group>";
		};
		0F3276F5278ABD49006F636A /* Extensions */ = {
			isa = PBXGroup;
			children = (
				0F3276F6278ABD49006F636A /* String.swift */,
				0F0D0A10278CEF5300D5CF85 /* Double.swift */,
				0F0D0A12278CEF8000D5CF85 /* Array.swift */,
				0F0D0A14278CEFFF00D5CF85 /* UITableView.swift */,
				0F0D0A16278CF03C00D5CF85 /* UICollectionView.swift */,
			);
			path = Extensions;
			sourceTree = "<group>";
		};
		0F3276F7278ABD49006F636A /* Model */ = {
			isa = PBXGroup;
			children = (
				0F3276F8278ABD49006F636A /* Weather.swift */,
			);
			path = Model;
			sourceTree = "<group>";
		};
		0F3276F9278ABD4A006F636A /* ViewModel */ = {
			isa = PBXGroup;
			children = (
				0F327711278ADA07006F636A /* WForecastVM.swift */,
				0F327713278AEBF6006F636A /* DetailsCellVM.swift */,
				0F32771A278AFE5B006F636A /* DayForecastCellVM.swift */,
				0F32771C278B03CE006F636A /* HourForecastCellVM.swift */,
				0F32771E278B046B006F636A /* BaseForecastCellVM.swift */,
			);
			path = ViewModel;
			sourceTree = "<group>";
		};
		0F3276FA278ABD4A006F636A /* Utils */ = {
			isa = PBXGroup;
			children = (
				0F3276FB278ABD4A006F636A /* Utils.swift */,
				0F327720278B4DC3006F636A /* Keeper.swift */,
				0F452A79278CBAC60093DA7E /* Keys.swift */,
			);
			path = Utils;
			sourceTree = "<group>";
		};
		0F3276FC278ABD4A006F636A /* View */ = {
			isa = PBXGroup;
			children = (
				0F327702278ABD4A006F636A /* WForecastVC.swift */,
				0F3276FD278ABD4A006F636A /* TVCells */,
				0F327700278ABD4A006F636A /* CVCells */,
			);
			path = View;
			sourceTree = "<group>";
		};
		0F3276FD278ABD4A006F636A /* TVCells */ = {
			isa = PBXGroup;
			children = (
				0F3276FE278ABD4A006F636A /* DetailsTVCell.swift */,
				0F3276FF278ABD4A006F636A /* DayForecastTVCell.swift */,
			);
			path = TVCells;
			sourceTree = "<group>";
		};
		0F327700278ABD4A006F636A /* CVCells */ = {
			isa = PBXGroup;
			children = (
				0F327701278ABD4A006F636A /* HourForecastCVCell.swift */,
			);
			path = CVCells;
			sourceTree = "<group>";
		};
		0F327705278ABDEF006F636A /* AppDelegate */ = {
			isa = PBXGroup;
			children = (
				0F3276D2278ABC00006F636A /* AppDelegate.swift */,
				0F0D0A0E278CDF6600D5CF85 /* BGTaskScheduler.swift */,
			);
			path = AppDelegate;
			sourceTree = "<group>";
		};
		0F896E5D278B7CE9004EDD5A /* Managers */ = {
			isa = PBXGroup;
			children = (
				0F896E5E278B7D2A004EDD5A /* DBManager.swift */,
				0F452A7C278CCBF10093DA7E /* NotificationManager.swift */,
			);
			path = Managers;
			sourceTree = "<group>";
		};
		100A1D282258ECB7174D4917 /* Frameworks */ = {
			isa = PBXGroup;
			children = (
				DB91C157B34CB43127EC46A9 /* Pods_DubaiClima.framework */,
			);
			name = Frameworks;
			sourceTree = "<group>";
		};
		6194A703487F1FA5578455EF /* Pods */ = {
			isa = PBXGroup;
			children = (
				16C648340515BD694F5D5CAC /* Pods-DubaiClima.debug.xcconfig */,
				8D7CC31FF796F352E97EC46B /* Pods-DubaiClima.release.xcconfig */,
			);
			path = Pods;
			sourceTree = "<group>";
		};
/* End PBXGroup section */

/* Begin PBXNativeTarget section */
		0F3276CE278ABC00006F636A /* DubaiClima */ = {
			isa = PBXNativeTarget;
			buildConfigurationList = 0F3276E3278ABC01006F636A /* Build configuration list for PBXNativeTarget "DubaiClima" */;
			buildPhases = (
				184D599865F3129ADDEDA225 /* [CP] Check Pods Manifest.lock */,
				0F3276CB278ABC00006F636A /* Sources */,
				0F3276CC278ABC00006F636A /* Frameworks */,
				0F3276CD278ABC00006F636A /* Resources */,
				B49D003C7B5D37C51097669B /* [CP] Embed Pods Frameworks */,
			);
			buildRules = (
			);
			dependencies = (
			);
			name = DubaiClima;
			productName = DubaiClima;
			productReference = 0F3276CF278ABC00006F636A /* DubaiClima.app */;
			productType = "com.apple.product-type.application";
		};
/* End PBXNativeTarget section */

/* Begin PBXProject section */
		0F3276C7278ABC00006F636A /* Project object */ = {
			isa = PBXProject;
			attributes = {
				BuildIndependentTargetsInParallel = 1;
				LastSwiftUpdateCheck = 1320;
				LastUpgradeCheck = 1320;
				TargetAttributes = {
					0F3276CE278ABC00006F636A = {
						CreatedOnToolsVersion = 13.2.1;
					};
				};
			};
			buildConfigurationList = 0F3276CA278ABC00006F636A /* Build configuration list for PBXProject "DubaiClima" */;
			compatibilityVersion = "Xcode 13.0";
			developmentRegion = en;
			hasScannedForEncodings = 0;
			knownRegions = (
				en,
				Base,
			);
			mainGroup = 0F3276C6278ABC00006F636A;
			productRefGroup = 0F3276D0278ABC00006F636A /* Products */;
			projectDirPath = "";
			projectRoot = "";
			targets = (
				0F3276CE278ABC00006F636A /* DubaiClima */,
			);
		};
/* End PBXProject section */

/* Begin PBXResourcesBuildPhase section */
		0F3276CD278ABC00006F636A /* Resources */ = {
			isa = PBXResourcesBuildPhase;
			buildActionMask = 2147483647;
			files = (
				0F327707278AC095006F636A /* LaunchScreen.storyboard in Resources */,
				0F3276DC278ABC01006F636A /* Assets.xcassets in Resources */,
				0F327706278AC091006F636A /* Main.storyboard in Resources */,
			);
			runOnlyForDeploymentPostprocessing = 0;
		};
/* End PBXResourcesBuildPhase section */

/* Begin PBXShellScriptBuildPhase section */
		184D599865F3129ADDEDA225 /* [CP] Check Pods Manifest.lock */ = {
			isa = PBXShellScriptBuildPhase;
			buildActionMask = 2147483647;
			files = (
			);
			inputFileListPaths = (
			);
			inputPaths = (
				"${PODS_PODFILE_DIR_PATH}/Podfile.lock",
				"${PODS_ROOT}/Manifest.lock",
			);
			name = "[CP] Check Pods Manifest.lock";
			outputFileListPaths = (
			);
			outputPaths = (
				"$(DERIVED_FILE_DIR)/Pods-DubaiClima-checkManifestLockResult.txt",
			);
			runOnlyForDeploymentPostprocessing = 0;
			shellPath = /bin/sh;
			shellScript = "diff \"${PODS_PODFILE_DIR_PATH}/Podfile.lock\" \"${PODS_ROOT}/Manifest.lock\" > /dev/null\nif [ $? != 0 ] ; then\n    # print error to STDERR\n    echo \"error: The sandbox is not in sync with the Podfile.lock. Run 'pod install' or update your CocoaPods installation.\" >&2\n    exit 1\nfi\n# This output is used by Xcode 'outputs' to avoid re-running this script phase.\necho \"SUCCESS\" > \"${SCRIPT_OUTPUT_FILE_0}\"\n";
			showEnvVarsInLog = 0;
		};
		B49D003C7B5D37C51097669B /* [CP] Embed Pods Frameworks */ = {
			isa = PBXShellScriptBuildPhase;
			buildActionMask = 2147483647;
			files = (
			);
			inputFileListPaths = (
				"${PODS_ROOT}/Target Support Files/Pods-DubaiClima/Pods-DubaiClima-frameworks-${CONFIGURATION}-input-files.xcfilelist",
			);
			name = "[CP] Embed Pods Frameworks";
			outputFileListPaths = (
				"${PODS_ROOT}/Target Support Files/Pods-DubaiClima/Pods-DubaiClima-frameworks-${CONFIGURATION}-output-files.xcfilelist",
			);
			runOnlyForDeploymentPostprocessing = 0;
			shellPath = /bin/sh;
			shellScript = "\"${PODS_ROOT}/Target Support Files/Pods-DubaiClima/Pods-DubaiClima-frameworks.sh\"\n";
			showEnvVarsInLog = 0;
		};
/* End PBXShellScriptBuildPhase section */

/* Begin PBXSourcesBuildPhase section */
		0F3276CB278ABC00006F636A /* Sources */ = {
			isa = PBXSourcesBuildPhase;
			buildActionMask = 2147483647;
			files = (
				0F327709278AC0B8006F636A /* EndPoint.swift in Sources */,
				0F32770E278AC0C9006F636A /* DayForecastTVCell.swift in Sources */,
				0F327708278AC0B5006F636A /* URLSessionExtension.swift in Sources */,
				0F327721278B4DC3006F636A /* Keeper.swift in Sources */,
				0F32771F278B046B006F636A /* BaseForecastCellVM.swift in Sources */,
				0F32771D278B03CE006F636A /* HourForecastCellVM.swift in Sources */,
				0F0D0A17278CF03C00D5CF85 /* UICollectionView.swift in Sources */,
				0F896E5F278B7D2A004EDD5A /* DBManager.swift in Sources */,
				0F0D0A0F278CDF6600D5CF85 /* BGTaskScheduler.swift in Sources */,
				0F452A7A278CBAC60093DA7E /* Keys.swift in Sources */,
				0F0D0A11278CEF5300D5CF85 /* Double.swift in Sources */,
				0F32771B278AFE5B006F636A /* DayForecastCellVM.swift in Sources */,
				0F3276D3278ABC00006F636A /* AppDelegate.swift in Sources */,
				0F32770A278AC0BC006F636A /* String.swift in Sources */,
				0F327710278AC0D3006F636A /* WForecastVC.swift in Sources */,
				0F32770B278AC0BF006F636A /* Weather.swift in Sources */,
				0F32770D278AC0C5006F636A /* DetailsTVCell.swift in Sources */,
				0F327712278ADA07006F636A /* WForecastVM.swift in Sources */,
				0F0D0A13278CEF8000D5CF85 /* Array.swift in Sources */,
				0F0D0A15278CEFFF00D5CF85 /* UITableView.swift in Sources */,
				0F452A7D278CCBF10093DA7E /* NotificationManager.swift in Sources */,
				0F32770C278AC0C1006F636A /* Utils.swift in Sources */,
				0F32770F278AC0CF006F636A /* HourForecastCVCell.swift in Sources */,
				0F327714278AEBF6006F636A /* DetailsCellVM.swift in Sources */,
			);
			runOnlyForDeploymentPostprocessing = 0;
		};
/* End PBXSourcesBuildPhase section */

/* Begin XCBuildConfiguration section */
		0F3276E1278ABC01006F636A /* Debug */ = {
			isa = XCBuildConfiguration;
			buildSettings = {
				ALWAYS_SEARCH_USER_PATHS = NO;
				CLANG_ANALYZER_NONNULL = YES;
				CLANG_ANALYZER_NUMBER_OBJECT_CONVERSION = YES_AGGRESSIVE;
				CLANG_CXX_LANGUAGE_STANDARD = "gnu++17";
				CLANG_CXX_LIBRARY = "libc++";
				CLANG_ENABLE_MODULES = YES;
				CLANG_ENABLE_OBJC_ARC = YES;
				CLANG_ENABLE_OBJC_WEAK = YES;
				CLANG_WARN_BLOCK_CAPTURE_AUTORELEASING = YES;
				CLANG_WARN_BOOL_CONVERSION = YES;
				CLANG_WARN_COMMA = YES;
				CLANG_WARN_CONSTANT_CONVERSION = YES;
				CLANG_WARN_DEPRECATED_OBJC_IMPLEMENTATIONS = YES;
				CLANG_WARN_DIRECT_OBJC_ISA_USAGE = YES_ERROR;
				CLANG_WARN_DOCUMENTATION_COMMENTS = YES;
				CLANG_WARN_EMPTY_BODY = YES;
				CLANG_WARN_ENUM_CONVERSION = YES;
				CLANG_WARN_INFINITE_RECURSION = YES;
				CLANG_WARN_INT_CONVERSION = YES;
				CLANG_WARN_NON_LITERAL_NULL_CONVERSION = YES;
				CLANG_WARN_OBJC_IMPLICIT_RETAIN_SELF = YES;
				CLANG_WARN_OBJC_LITERAL_CONVERSION = YES;
				CLANG_WARN_OBJC_ROOT_CLASS = YES_ERROR;
				CLANG_WARN_QUOTED_INCLUDE_IN_FRAMEWORK_HEADER = YES;
				CLANG_WARN_RANGE_LOOP_ANALYSIS = YES;
				CLANG_WARN_STRICT_PROTOTYPES = YES;
				CLANG_WARN_SUSPICIOUS_MOVE = YES;
				CLANG_WARN_UNGUARDED_AVAILABILITY = YES_AGGRESSIVE;
				CLANG_WARN_UNREACHABLE_CODE = YES;
				CLANG_WARN__DUPLICATE_METHOD_MATCH = YES;
				COPY_PHASE_STRIP = NO;
				DEBUG_INFORMATION_FORMAT = dwarf;
				ENABLE_STRICT_OBJC_MSGSEND = YES;
				ENABLE_TESTABILITY = YES;
				GCC_C_LANGUAGE_STANDARD = gnu11;
				GCC_DYNAMIC_NO_PIC = NO;
				GCC_NO_COMMON_BLOCKS = YES;
				GCC_OPTIMIZATION_LEVEL = 0;
				GCC_PREPROCESSOR_DEFINITIONS = (
					"DEBUG=1",
					"$(inherited)",
				);
				GCC_WARN_64_TO_32_BIT_CONVERSION = YES;
				GCC_WARN_ABOUT_RETURN_TYPE = YES_ERROR;
				GCC_WARN_UNDECLARED_SELECTOR = YES;
				GCC_WARN_UNINITIALIZED_AUTOS = YES_AGGRESSIVE;
				GCC_WARN_UNUSED_FUNCTION = YES;
				GCC_WARN_UNUSED_VARIABLE = YES;
				IPHONEOS_DEPLOYMENT_TARGET = 15.2;
				MTL_ENABLE_DEBUG_INFO = INCLUDE_SOURCE;
				MTL_FAST_MATH = YES;
				ONLY_ACTIVE_ARCH = YES;
				SDKROOT = iphoneos;
				SWIFT_ACTIVE_COMPILATION_CONDITIONS = DEBUG;
				SWIFT_OPTIMIZATION_LEVEL = "-Onone";
			};
			name = Debug;
		};
		0F3276E2278ABC01006F636A /* Release */ = {
			isa = XCBuildConfiguration;
			buildSettings = {
				ALWAYS_SEARCH_USER_PATHS = NO;
				CLANG_ANALYZER_NONNULL = YES;
				CLANG_ANALYZER_NUMBER_OBJECT_CONVERSION = YES_AGGRESSIVE;
				CLANG_CXX_LANGUAGE_STANDARD = "gnu++17";
				CLANG_CXX_LIBRARY = "libc++";
				CLANG_ENABLE_MODULES = YES;
				CLANG_ENABLE_OBJC_ARC = YES;
				CLANG_ENABLE_OBJC_WEAK = YES;
				CLANG_WARN_BLOCK_CAPTURE_AUTORELEASING = YES;
				CLANG_WARN_BOOL_CONVERSION = YES;
				CLANG_WARN_COMMA = YES;
				CLANG_WARN_CONSTANT_CONVERSION = YES;
				CLANG_WARN_DEPRECATED_OBJC_IMPLEMENTATIONS = YES;
				CLANG_WARN_DIRECT_OBJC_ISA_USAGE = YES_ERROR;
				CLANG_WARN_DOCUMENTATION_COMMENTS = YES;
				CLANG_WARN_EMPTY_BODY = YES;
				CLANG_WARN_ENUM_CONVERSION = YES;
				CLANG_WARN_INFINITE_RECURSION = YES;
				CLANG_WARN_INT_CONVERSION = YES;
				CLANG_WARN_NON_LITERAL_NULL_CONVERSION = YES;
				CLANG_WARN_OBJC_IMPLICIT_RETAIN_SELF = YES;
				CLANG_WARN_OBJC_LITERAL_CONVERSION = YES;
				CLANG_WARN_OBJC_ROOT_CLASS = YES_ERROR;
				CLANG_WARN_QUOTED_INCLUDE_IN_FRAMEWORK_HEADER = YES;
				CLANG_WARN_RANGE_LOOP_ANALYSIS = YES;
				CLANG_WARN_STRICT_PROTOTYPES = YES;
				CLANG_WARN_SUSPICIOUS_MOVE = YES;
				CLANG_WARN_UNGUARDED_AVAILABILITY = YES_AGGRESSIVE;
				CLANG_WARN_UNREACHABLE_CODE = YES;
				CLANG_WARN__DUPLICATE_METHOD_MATCH = YES;
				COPY_PHASE_STRIP = NO;
				DEBUG_INFORMATION_FORMAT = "dwarf-with-dsym";
				ENABLE_NS_ASSERTIONS = NO;
				ENABLE_STRICT_OBJC_MSGSEND = YES;
				GCC_C_LANGUAGE_STANDARD = gnu11;
				GCC_NO_COMMON_BLOCKS = YES;
				GCC_WARN_64_TO_32_BIT_CONVERSION = YES;
				GCC_WARN_ABOUT_RETURN_TYPE = YES_ERROR;
				GCC_WARN_UNDECLARED_SELECTOR = YES;
				GCC_WARN_UNINITIALIZED_AUTOS = YES_AGGRESSIVE;
				GCC_WARN_UNUSED_FUNCTION = YES;
				GCC_WARN_UNUSED_VARIABLE = YES;
				IPHONEOS_DEPLOYMENT_TARGET = 15.2;
				MTL_ENABLE_DEBUG_INFO = NO;
				MTL_FAST_MATH = YES;
				SDKROOT = iphoneos;
				SWIFT_COMPILATION_MODE = wholemodule;
				SWIFT_OPTIMIZATION_LEVEL = "-O";
				VALIDATE_PRODUCT = YES;
			};
			name = Release;
		};
		0F3276E4278ABC01006F636A /* Debug */ = {
			isa = XCBuildConfiguration;
			baseConfigurationReference = 16C648340515BD694F5D5CAC /* Pods-DubaiClima.debug.xcconfig */;
			buildSettings = {
				ASSETCATALOG_COMPILER_APPICON_NAME = AppIcon;
				ASSETCATALOG_COMPILER_GLOBAL_ACCENT_COLOR_NAME = AccentColor;
				CODE_SIGN_STYLE = Automatic;
				CURRENT_PROJECT_VERSION = 1;
				DEVELOPMENT_TEAM = PJ2M579DS3;
				GENERATE_INFOPLIST_FILE = YES;
				INFOPLIST_FILE = DubaiClima/Info.plist;
				INFOPLIST_KEY_UIApplicationSupportsIndirectInputEvents = YES;
				INFOPLIST_KEY_UILaunchStoryboardName = LaunchScreen;
				INFOPLIST_KEY_UIMainStoryboardFile = Main;
				INFOPLIST_KEY_UISupportedInterfaceOrientations_iPad = "UIInterfaceOrientationPortrait UIInterfaceOrientationPortraitUpsideDown UIInterfaceOrientationLandscapeLeft UIInterfaceOrientationLandscapeRight";
				INFOPLIST_KEY_UISupportedInterfaceOrientations_iPhone = "UIInterfaceOrientationPortrait UIInterfaceOrientationLandscapeLeft UIInterfaceOrientationLandscapeRight";
				INFOPLIST_KEY_UIUserInterfaceStyle = Light;
				LD_RUNPATH_SEARCH_PATHS = (
					"$(inherited)",
					"@executable_path/Frameworks",
				);
				MARKETING_VERSION = 1.0;
				PRODUCT_BUNDLE_IDENTIFIER = com.mohamd.elaabd.DubaiClima;
				PRODUCT_NAME = "$(TARGET_NAME)";
				SWIFT_EMIT_LOC_STRINGS = YES;
				SWIFT_VERSION = 5.0;
				TARGETED_DEVICE_FAMILY = "1,2";
			};
			name = Debug;
		};
		0F3276E5278ABC01006F636A /* Release */ = {
			isa = XCBuildConfiguration;
			baseConfigurationReference = 8D7CC31FF796F352E97EC46B /* Pods-DubaiClima.release.xcconfig */;
			buildSettings = {
				ASSETCATALOG_COMPILER_APPICON_NAME = AppIcon;
				ASSETCATALOG_COMPILER_GLOBAL_ACCENT_COLOR_NAME = AccentColor;
				CODE_SIGN_STYLE = Automatic;
				CURRENT_PROJECT_VERSION = 1;
				DEVELOPMENT_TEAM = PJ2M579DS3;
				GENERATE_INFOPLIST_FILE = YES;
				INFOPLIST_FILE = DubaiClima/Info.plist;
				INFOPLIST_KEY_UIApplicationSupportsIndirectInputEvents = YES;
				INFOPLIST_KEY_UILaunchStoryboardName = LaunchScreen;
				INFOPLIST_KEY_UIMainStoryboardFile = Main;
				INFOPLIST_KEY_UISupportedInterfaceOrientations_iPad = "UIInterfaceOrientationPortrait UIInterfaceOrientationPortraitUpsideDown UIInterfaceOrientationLandscapeLeft UIInterfaceOrientationLandscapeRight";
				INFOPLIST_KEY_UISupportedInterfaceOrientations_iPhone = "UIInterfaceOrientationPortrait UIInterfaceOrientationLandscapeLeft UIInterfaceOrientationLandscapeRight";
				INFOPLIST_KEY_UIUserInterfaceStyle = Light;
				LD_RUNPATH_SEARCH_PATHS = (
					"$(inherited)",
					"@executable_path/Frameworks",
				);
				MARKETING_VERSION = 1.0;
				PRODUCT_BUNDLE_IDENTIFIER = com.mohamd.elaabd.DubaiClima;
				PRODUCT_NAME = "$(TARGET_NAME)";
				SWIFT_EMIT_LOC_STRINGS = YES;
				SWIFT_VERSION = 5.0;
				TARGETED_DEVICE_FAMILY = "1,2";
			};
			name = Release;
		};
/* End XCBuildConfiguration section */

/* Begin XCConfigurationList section */
		0F3276CA278ABC00006F636A /* Build configuration list for PBXProject "DubaiClima" */ = {
			isa = XCConfigurationList;
			buildConfigurations = (
				0F3276E1278ABC01006F636A /* Debug */,
				0F3276E2278ABC01006F636A /* Release */,
			);
			defaultConfigurationIsVisible = 0;
			defaultConfigurationName = Release;
		};
		0F3276E3278ABC01006F636A /* Build configuration list for PBXNativeTarget "DubaiClima" */ = {
			isa = XCConfigurationList;
			buildConfigurations = (
				0F3276E4278ABC01006F636A /* Debug */,
				0F3276E5278ABC01006F636A /* Release */,
			);
			defaultConfigurationIsVisible = 0;
			defaultConfigurationName = Release;
		};
/* End XCConfigurationList section */
	};
	rootObject = 0F3276C7278ABC00006F636A /* Project object */;
}
